{
  "originHash" : "dd11a25c9804020e0d6b4e45260aaae743f6aaed446d4808a941cac8b4d5777d",
  "pins" : [
    {
      "identity" : "hub-backend",
      "kind" : "remoteSourceControl",
      "location" : "https://github.com/Significant-Hobbies/hub-backend.git",
      "state" : {
        "revision" : "55176cac008d3857ef815d9bc5c8e74b68e7c3f3"
      }
    }
  ],
  "version" : 3
}
